
Microsoft Visual Studio Solution File, Format Version 12.00
# Visual Studio 15
VisualStudioVersion = 15.0.28307.329
MinimumVisualStudioVersion = 10.0.40219.1
Project("{FAE04EC0-301F-11D3-BF4B-00C04F79EFBC}") = "DbServer.Wallet.Api", "DbServer.Wallet.Api\DbServer.Wallet.Api.csproj", "{7133CB7A-C6A6-4712-9308-7952E8B43B89}"
EndProject
Project("{FAE04EC0-301F-11D3-BF4B-00C04F79EFBC}") = "DbServer.Wallet.Application", "DbServer.Wallet.Application\DbServer.Wallet.Application.csproj", "{ECFD28F8-1BC2-4B37-9103-D973DE5A874B}"
EndProject
Project("{FAE04EC0-301F-11D3-BF4B-00C04F79EFBC}") = "DbServer.Wallet.Test", "DbServer.Wallet.Test\DbServer.Wallet.Test.csproj", "{4F3B28A4-2F9D-40CC-B7FA-B8B5476692E6}"
EndProject
Global
	GlobalSection(SolutionConfigurationPlatforms) = preSolution
		Debug|Any CPU = Debug|Any CPU
		Release|Any CPU = Release|Any CPU
	EndGlobalSection
	GlobalSection(ProjectConfigurationPlatforms) = postSolution
		{7133CB7A-C6A6-4712-9308-7952E8B43B89}.Debug|Any CPU.ActiveCfg = Debug|Any CPU
		{7133CB7A-C6A6-4712-9308-7952E8B43B89}.Debug|Any CPU.Build.0 = Debug|Any CPU
		{7133CB7A-C6A6-4712-9308-7952E8B43B89}.Release|Any CPU.ActiveCfg = Release|Any CPU
		{7133CB7A-C6A6-4712-9308-7952E8B43B89}.Release|Any CPU.Build.0 = Release|Any CPU
		{ECFD28F8-1BC2-4B37-9103-D973DE5A874B}.Debug|Any CPU.ActiveCfg = Debug|Any CPU
		{ECFD28F8-1BC2-4B37-9103-D973DE5A874B}.Debug|Any CPU.Build.0 = Debug|Any CPU
		{ECFD28F8-1BC2-4B37-9103-D973DE5A874B}.Release|Any CPU.ActiveCfg = Release|Any CPU
		{ECFD28F8-1BC2-4B37-9103-D973DE5A874B}.Release|Any CPU.Build.0 = Release|Any CPU
		{4F3B28A4-2F9D-40CC-B7FA-B8B5476692E6}.Debug|Any CPU.ActiveCfg = Debug|Any CPU
		{4F3B28A4-2F9D-40CC-B7FA-B8B5476692E6}.Debug|Any CPU.Build.0 = Debug|Any CPU
		{4F3B28A4-2F9D-40CC-B7FA-B8B5476692E6}.Release|Any CPU.ActiveCfg = Release|Any CPU
		{4F3B28A4-2F9D-40CC-B7FA-B8B5476692E6}.Release|Any CPU.Build.0 = Release|Any CPU
	EndGlobalSection
	GlobalSection(SolutionProperties) = preSolution
		HideSolutionNode = FALSE
	EndGlobalSection
	GlobalSection(ExtensibilityGlobals) = postSolution
		SolutionGuid = {2228D10D-4CED-40F4-8777-4B7FBD292874}
	EndGlobalSection
EndGlobal
